// !$*UTF8*$!
{
	archiveVersion = 1;
	classes = {
	};
	objectVersion = 48;
	objects = {

/* Begin PBXBuildFile section */
		550504AF2049A4610017C4D4 /* UInt8Extension.swift in Sources */ = {isa = PBXBuildFile; fileRef = 550504AE2049A4610017C4D4 /* UInt8Extension.swift */; };
		550504B12049AFDE0017C4D4 /* CBCentralManagerExtension.swift in Sources */ = {isa = PBXBuildFile; fileRef = 550504B02049AFDE0017C4D4 /* CBCentralManagerExtension.swift */; };
		550504D9204EAB420017C4D4 /* BluetoothManager+AppTransitions.swift in Sources */ = {isa = PBXBuildFile; fileRef = 550504D8204EAB420017C4D4 /* BluetoothManager+AppTransitions.swift */; };
		550504DB204EAC070017C4D4 /* BluetoothManager+CentralManager.swift in Sources */ = {isa = PBXBuildFile; fileRef = 550504DA204EAC070017C4D4 /* BluetoothManager+CentralManager.swift */; };
		550504DD204EC05F0017C4D4 /* BluetoothStatusView.swift in Sources */ = {isa = PBXBuildFile; fileRef = 550504DC204EC05F0017C4D4 /* BluetoothStatusView.swift */; };
		550504DF204ECB4E0017C4D4 /* UIViewMakeExtensions.swift in Sources */ = {isa = PBXBuildFile; fileRef = 550504DE204ECB4E0017C4D4 /* UIViewMakeExtensions.swift */; };
		55054A9A1FB9F957001EB915 /* AppTheme.swift in Sources */ = {isa = PBXBuildFile; fileRef = 55054A991FB9F957001EB915 /* AppTheme.swift */; };
		55054A9C1FBA0384001EB915 /* BaseNavigationController.swift in Sources */ = {isa = PBXBuildFile; fileRef = 55054A9B1FBA0384001EB915 /* BaseNavigationController.swift */; };
		5518EC441FB47AF200219B72 /* BluetoothManager.swift in Sources */ = {isa = PBXBuildFile; fileRef = 5518EC431FB47AF200219B72 /* BluetoothManager.swift */; };
		5518EC461FB47C2300219B72 /* Constants.swift in Sources */ = {isa = PBXBuildFile; fileRef = 5518EC451FB47C2300219B72 /* Constants.swift */; };
		554B17FE1FB49C3A0081B2C3 /* Device.swift in Sources */ = {isa = PBXBuildFile; fileRef = 554B17FD1FB49C3A0081B2C3 /* Device.swift */; };
		554B18001FB4B3460081B2C3 /* DeviceManager.swift in Sources */ = {isa = PBXBuildFile; fileRef = 554B17FF1FB4B3460081B2C3 /* DeviceManager.swift */; };
		554B18041FB5B0ED0081B2C3 /* Model.xcdatamodeld in Sources */ = {isa = PBXBuildFile; fileRef = 554B18011FB5AE250081B2C3 /* Model.xcdatamodeld */; };
		554B18061FB5B2F80081B2C3 /* CoreDataStack.swift in Sources */ = {isa = PBXBuildFile; fileRef = 554B18051FB5B2F80081B2C3 /* CoreDataStack.swift */; };
		554B180C1FB5E0B70081B2C3 /* DeviceTableViewCell.swift in Sources */ = {isa = PBXBuildFile; fileRef = 554B180B1FB5E0B70081B2C3 /* DeviceTableViewCell.swift */; };
		5561BE031FB363840087CB58 /* AppDelegate.swift in Sources */ = {isa = PBXBuildFile; fileRef = 5561BE021FB363840087CB58 /* AppDelegate.swift */; };
		5561BE051FB363840087CB58 /* ViewController.swift in Sources */ = {isa = PBXBuildFile; fileRef = 5561BE041FB363840087CB58 /* ViewController.swift */; };
		5561BE0A1FB363840087CB58 /* Assets.xcassets in Resources */ = {isa = PBXBuildFile; fileRef = 5561BE091FB363840087CB58 /* Assets.xcassets */; };
		5561BE0D1FB363840087CB58 /* LaunchScreen.storyboard in Resources */ = {isa = PBXBuildFile; fileRef = 5561BE0B1FB363840087CB58 /* LaunchScreen.storyboard */; };
		5561BE181FB363840087CB58 /* CoreBluetoothMasterTests.swift in Sources */ = {isa = PBXBuildFile; fileRef = 5561BE171FB363840087CB58 /* CoreBluetoothMasterTests.swift */; };
		5561BE231FB363840087CB58 /* CoreBluetoothMasterUITests.swift in Sources */ = {isa = PBXBuildFile; fileRef = 5561BE221FB363840087CB58 /* CoreBluetoothMasterUITests.swift */; };
		5561BE311FB36CF40087CB58 /* QuantiBase.framework in Frameworks */ = {isa = PBXBuildFile; fileRef = 5561BE301FB36CF30087CB58 /* QuantiBase.framework */; };
		5561BE321FB36CF40087CB58 /* QuantiBase.framework in Embed Frameworks */ = {isa = PBXBuildFile; fileRef = 5561BE301FB36CF30087CB58 /* QuantiBase.framework */; settings = {ATTRIBUTES = (CodeSignOnCopy, RemoveHeadersOnCopy, ); }; };
		5561BE351FB36D020087CB58 /* QuantiLogger.framework in Frameworks */ = {isa = PBXBuildFile; fileRef = 5561BE341FB36D010087CB58 /* QuantiLogger.framework */; };
		5561BE361FB36D020087CB58 /* QuantiLogger.framework in Embed Frameworks */ = {isa = PBXBuildFile; fileRef = 5561BE341FB36D010087CB58 /* QuantiLogger.framework */; settings = {ATTRIBUTES = (CodeSignOnCopy, RemoveHeadersOnCopy, ); }; };
		5561BE381FB36D190087CB58 /* SnapKit.framework in Frameworks */ = {isa = PBXBuildFile; fileRef = 5561BE371FB36D190087CB58 /* SnapKit.framework */; };
		5561BE391FB36D190087CB58 /* SnapKit.framework in Embed Frameworks */ = {isa = PBXBuildFile; fileRef = 5561BE371FB36D190087CB58 /* SnapKit.framework */; settings = {ATTRIBUTES = (CodeSignOnCopy, RemoveHeadersOnCopy, ); }; };
		55E090F81FD82D5E0039E43C /* NotificationService.swift in Sources */ = {isa = PBXBuildFile; fileRef = 55E090F71FD82D5E0039E43C /* NotificationService.swift */; };
/* End PBXBuildFile section */

/* Begin PBXContainerItemProxy section */
		5561BE141FB363840087CB58 /* PBXContainerItemProxy */ = {
			isa = PBXContainerItemProxy;
			containerPortal = 5561BDF71FB363840087CB58 /* Project object */;
			proxyType = 1;
			remoteGlobalIDString = 5561BDFE1FB363840087CB58;
			remoteInfo = NNLockLite;
		};
		5561BE1F1FB363840087CB58 /* PBXContainerItemProxy */ = {
			isa = PBXContainerItemProxy;
			containerPortal = 5561BDF71FB363840087CB58 /* Project object */;
			proxyType = 1;
			remoteGlobalIDString = 5561BDFE1FB363840087CB58;
			remoteInfo = NNLockLite;
		};
/* End PBXContainerItemProxy section */

/* Begin PBXCopyFilesBuildPhase section */
		5561BE331FB36CF40087CB58 /* Embed Frameworks */ = {
			isa = PBXCopyFilesBuildPhase;
			buildActionMask = 2147483647;
			dstPath = "";
			dstSubfolderSpec = 10;
			files = (
				5561BE391FB36D190087CB58 /* SnapKit.framework in Embed Frameworks */,
				5561BE361FB36D020087CB58 /* QuantiLogger.framework in Embed Frameworks */,
				5561BE321FB36CF40087CB58 /* QuantiBase.framework in Embed Frameworks */,
			);
			name = "Embed Frameworks";
			runOnlyForDeploymentPostprocessing = 0;
		};
/* End PBXCopyFilesBuildPhase section */

/* Begin PBXFileReference section */
		550504AE2049A4610017C4D4 /* UInt8Extension.swift */ = {isa = PBXFileReference; lastKnownFileType = sourcecode.swift; path = UInt8Extension.swift; sourceTree = "<group>"; };
		550504B02049AFDE0017C4D4 /* CBCentralManagerExtension.swift */ = {isa = PBXFileReference; lastKnownFileType = sourcecode.swift; path = CBCentralManagerExtension.swift; sourceTree = "<group>"; };
		550504D8204EAB420017C4D4 /* BluetoothManager+AppTransitions.swift */ = {isa = PBXFileReference; lastKnownFileType = sourcecode.swift; path = "BluetoothManager+AppTransitions.swift"; sourceTree = "<group>"; };
		550504DA204EAC070017C4D4 /* BluetoothManager+CentralManager.swift */ = {isa = PBXFileReference; lastKnownFileType = sourcecode.swift; path = "BluetoothManager+CentralManager.swift"; sourceTree = "<group>"; };
		550504DC204EC05F0017C4D4 /* BluetoothStatusView.swift */ = {isa = PBXFileReference; lastKnownFileType = sourcecode.swift; path = BluetoothStatusView.swift; sourceTree = "<group>"; };
		550504DE204ECB4E0017C4D4 /* UIViewMakeExtensions.swift */ = {isa = PBXFileReference; lastKnownFileType = sourcecode.swift; path = UIViewMakeExtensions.swift; sourceTree = "<group>"; };
		55054A991FB9F957001EB915 /* AppTheme.swift */ = {isa = PBXFileReference; lastKnownFileType = sourcecode.swift; path = AppTheme.swift; sourceTree = "<group>"; };
		55054A9B1FBA0384001EB915 /* BaseNavigationController.swift */ = {isa = PBXFileReference; lastKnownFileType = sourcecode.swift; path = BaseNavigationController.swift; sourceTree = "<group>"; };
		550B00481FFD05B500B76E4F /* Model 2.xcdatamodel */ = {isa = PBXFileReference; lastKnownFileType = wrapper.xcdatamodel; path = "Model 2.xcdatamodel"; sourceTree = "<group>"; };
		5518EC431FB47AF200219B72 /* BluetoothManager.swift */ = {isa = PBXFileReference; lastKnownFileType = sourcecode.swift; path = BluetoothManager.swift; sourceTree = "<group>"; };
		5518EC451FB47C2300219B72 /* Constants.swift */ = {isa = PBXFileReference; lastKnownFileType = sourcecode.swift; path = Constants.swift; sourceTree = "<group>"; };
		554B17FD1FB49C3A0081B2C3 /* Device.swift */ = {isa = PBXFileReference; lastKnownFileType = sourcecode.swift; path = Device.swift; sourceTree = "<group>"; };
		554B17FF1FB4B3460081B2C3 /* DeviceManager.swift */ = {isa = PBXFileReference; lastKnownFileType = sourcecode.swift; path = DeviceManager.swift; sourceTree = "<group>"; };
		554B18021FB5AE250081B2C3 /* Model.xcdatamodel */ = {isa = PBXFileReference; lastKnownFileType = wrapper.xcdatamodel; path = Model.xcdatamodel; sourceTree = "<group>"; };
		554B18051FB5B2F80081B2C3 /* CoreDataStack.swift */ = {isa = PBXFileReference; lastKnownFileType = sourcecode.swift; path = CoreDataStack.swift; sourceTree = "<group>"; };
		554B180B1FB5E0B70081B2C3 /* DeviceTableViewCell.swift */ = {isa = PBXFileReference; lastKnownFileType = sourcecode.swift; path = DeviceTableViewCell.swift; sourceTree = "<group>"; };
		5561BDFF1FB363840087CB58 /* CoreBluetoothMaster.app */ = {isa = PBXFileReference; explicitFileType = wrapper.application; includeInIndex = 0; path = CoreBluetoothMaster.app; sourceTree = BUILT_PRODUCTS_DIR; };
		5561BE021FB363840087CB58 /* AppDelegate.swift */ = {isa = PBXFileReference; lastKnownFileType = sourcecode.swift; path = AppDelegate.swift; sourceTree = "<group>"; };
		5561BE041FB363840087CB58 /* ViewController.swift */ = {isa = PBXFileReference; lastKnownFileType = sourcecode.swift; path = ViewController.swift; sourceTree = "<group>"; };
		5561BE091FB363840087CB58 /* Assets.xcassets */ = {isa = PBXFileReference; lastKnownFileType = folder.assetcatalog; path = Assets.xcassets; sourceTree = "<group>"; };
		5561BE0C1FB363840087CB58 /* Base */ = {isa = PBXFileReference; lastKnownFileType = file.storyboard; name = Base; path = Base.lproj/LaunchScreen.storyboard; sourceTree = "<group>"; };
		5561BE0E1FB363840087CB58 /* Info.plist */ = {isa = PBXFileReference; lastKnownFileType = text.plist.xml; path = Info.plist; sourceTree = "<group>"; };
		5561BE131FB363840087CB58 /* CoreBluetoothMasterTests.xctest */ = {isa = PBXFileReference; explicitFileType = wrapper.cfbundle; includeInIndex = 0; path = CoreBluetoothMasterTests.xctest; sourceTree = BUILT_PRODUCTS_DIR; };
		5561BE171FB363840087CB58 /* CoreBluetoothMasterTests.swift */ = {isa = PBXFileReference; lastKnownFileType = sourcecode.swift; path = CoreBluetoothMasterTests.swift; sourceTree = "<group>"; };
		5561BE191FB363840087CB58 /* Info.plist */ = {isa = PBXFileReference; lastKnownFileType = text.plist.xml; path = Info.plist; sourceTree = "<group>"; };
		5561BE1E1FB363840087CB58 /* CoreBluetoothMasterUITests.xctest */ = {isa = PBXFileReference; explicitFileType = wrapper.cfbundle; includeInIndex = 0; path = CoreBluetoothMasterUITests.xctest; sourceTree = BUILT_PRODUCTS_DIR; };
		5561BE221FB363840087CB58 /* CoreBluetoothMasterUITests.swift */ = {isa = PBXFileReference; lastKnownFileType = sourcecode.swift; path = CoreBluetoothMasterUITests.swift; sourceTree = "<group>"; };
		5561BE241FB363840087CB58 /* Info.plist */ = {isa = PBXFileReference; lastKnownFileType = text.plist.xml; path = Info.plist; sourceTree = "<group>"; };
		5561BE301FB36CF30087CB58 /* QuantiBase.framework */ = {isa = PBXFileReference; lastKnownFileType = wrapper.framework; name = QuantiBase.framework; path = Carthage/Build/iOS/QuantiBase.framework; sourceTree = "<group>"; };
		5561BE341FB36D010087CB58 /* QuantiLogger.framework */ = {isa = PBXFileReference; lastKnownFileType = wrapper.framework; name = QuantiLogger.framework; path = Carthage/Build/iOS/QuantiLogger.framework; sourceTree = "<group>"; };
		5561BE371FB36D190087CB58 /* SnapKit.framework */ = {isa = PBXFileReference; lastKnownFileType = wrapper.framework; name = SnapKit.framework; path = Carthage/Build/iOS/SnapKit.framework; sourceTree = "<group>"; };
		55E090F71FD82D5E0039E43C /* NotificationService.swift */ = {isa = PBXFileReference; lastKnownFileType = sourcecode.swift; path = NotificationService.swift; sourceTree = "<group>"; };
/* End PBXFileReference section */

/* Begin PBXFrameworksBuildPhase section */
		5561BDFC1FB363840087CB58 /* Frameworks */ = {
			isa = PBXFrameworksBuildPhase;
			buildActionMask = 2147483647;
			files = (
				5561BE381FB36D190087CB58 /* SnapKit.framework in Frameworks */,
				5561BE351FB36D020087CB58 /* QuantiLogger.framework in Frameworks */,
				5561BE311FB36CF40087CB58 /* QuantiBase.framework in Frameworks */,
			);
			runOnlyForDeploymentPostprocessing = 0;
		};
		5561BE101FB363840087CB58 /* Frameworks */ = {
			isa = PBXFrameworksBuildPhase;
			buildActionMask = 2147483647;
			files = (
			);
			runOnlyForDeploymentPostprocessing = 0;
		};
		5561BE1B1FB363840087CB58 /* Frameworks */ = {
			isa = PBXFrameworksBuildPhase;
			buildActionMask = 2147483647;
			files = (
			);
			runOnlyForDeploymentPostprocessing = 0;
		};
/* End PBXFrameworksBuildPhase section */

/* Begin PBXGroup section */
		550504AD2049A42C0017C4D4 /* Extensions */ = {
			isa = PBXGroup;
			children = (
				550504AE2049A4610017C4D4 /* UInt8Extension.swift */,
				550504B02049AFDE0017C4D4 /* CBCentralManagerExtension.swift */,
				550504DE204ECB4E0017C4D4 /* UIViewMakeExtensions.swift */,
			);
			path = Extensions;
			sourceTree = "<group>";
		};
		554B18071FB5DC520081B2C3 /* CoreData */ = {
			isa = PBXGroup;
			children = (
				554B18011FB5AE250081B2C3 /* Model.xcdatamodeld */,
				554B17FD1FB49C3A0081B2C3 /* Device.swift */,
				554B18051FB5B2F80081B2C3 /* CoreDataStack.swift */,
			);
			path = CoreData;
			sourceTree = "<group>";
		};
		554B18081FB5DC710081B2C3 /* Bluetooth */ = {
			isa = PBXGroup;
			children = (
				5518EC431FB47AF200219B72 /* BluetoothManager.swift */,
				550504D8204EAB420017C4D4 /* BluetoothManager+AppTransitions.swift */,
				550504DA204EAC070017C4D4 /* BluetoothManager+CentralManager.swift */,
				554B17FF1FB4B3460081B2C3 /* DeviceManager.swift */,
				55E090F71FD82D5E0039E43C /* NotificationService.swift */,
			);
			path = Bluetooth;
			sourceTree = "<group>";
		};
		554B18091FB5DC850081B2C3 /* Screens */ = {
			isa = PBXGroup;
			children = (
				5561BE0B1FB363840087CB58 /* LaunchScreen.storyboard */,
				5561BE041FB363840087CB58 /* ViewController.swift */,
				554B180B1FB5E0B70081B2C3 /* DeviceTableViewCell.swift */,
				55054A9B1FBA0384001EB915 /* BaseNavigationController.swift */,
				550504DC204EC05F0017C4D4 /* BluetoothStatusView.swift */,
			);
			path = Screens;
			sourceTree = "<group>";
		};
		554B180A1FB5DCA40081B2C3 /* Supporting Files */ = {
			isa = PBXGroup;
			children = (
				5561BE0E1FB363840087CB58 /* Info.plist */,
				5561BE091FB363840087CB58 /* Assets.xcassets */,
			);
			name = "Supporting Files";
			sourceTree = "<group>";
		};
		5561BDF61FB363840087CB58 = {
			isa = PBXGroup;
			children = (
				5561BE371FB36D190087CB58 /* SnapKit.framework */,
				5561BE341FB36D010087CB58 /* QuantiLogger.framework */,
				5561BE301FB36CF30087CB58 /* QuantiBase.framework */,
				5561BE011FB363840087CB58 /* CoreBluetoothMaster */,
				5561BE161FB363840087CB58 /* CoreBluetoothMasterTests */,
				5561BE211FB363840087CB58 /* CoreBluetoothMasterUITests */,
				5561BE001FB363840087CB58 /* Products */,
			);
			sourceTree = "<group>";
		};
		5561BE001FB363840087CB58 /* Products */ = {
			isa = PBXGroup;
			children = (
				5561BDFF1FB363840087CB58 /* CoreBluetoothMaster.app */,
				5561BE131FB363840087CB58 /* CoreBluetoothMasterTests.xctest */,
				5561BE1E1FB363840087CB58 /* CoreBluetoothMasterUITests.xctest */,
			);
			name = Products;
			sourceTree = "<group>";
		};
		5561BE011FB363840087CB58 /* CoreBluetoothMaster */ = {
			isa = PBXGroup;
			children = (
				550504AD2049A42C0017C4D4 /* Extensions */,
				554B18081FB5DC710081B2C3 /* Bluetooth */,
				554B18071FB5DC520081B2C3 /* CoreData */,
				554B18091FB5DC850081B2C3 /* Screens */,
				554B180A1FB5DCA40081B2C3 /* Supporting Files */,
				5561BE021FB363840087CB58 /* AppDelegate.swift */,
				55054A991FB9F957001EB915 /* AppTheme.swift */,
				5518EC451FB47C2300219B72 /* Constants.swift */,
			);
			path = CoreBluetoothMaster;
			sourceTree = "<group>";
		};
		5561BE161FB363840087CB58 /* CoreBluetoothMasterTests */ = {
			isa = PBXGroup;
			children = (
				5561BE171FB363840087CB58 /* CoreBluetoothMasterTests.swift */,
				5561BE191FB363840087CB58 /* Info.plist */,
			);
			path = CoreBluetoothMasterTests;
			sourceTree = "<group>";
		};
		5561BE211FB363840087CB58 /* CoreBluetoothMasterUITests */ = {
			isa = PBXGroup;
			children = (
				5561BE221FB363840087CB58 /* CoreBluetoothMasterUITests.swift */,
				5561BE241FB363840087CB58 /* Info.plist */,
			);
			path = CoreBluetoothMasterUITests;
			sourceTree = "<group>";
		};
/* End PBXGroup section */

/* Begin PBXNativeTarget section */
		5561BDFE1FB363840087CB58 /* CoreBluetoothMaster */ = {
			isa = PBXNativeTarget;
			buildConfigurationList = 5561BE271FB363840087CB58 /* Build configuration list for PBXNativeTarget "CoreBluetoothMaster" */;
			buildPhases = (
				5561BDFB1FB363840087CB58 /* Sources */,
				5561BDFC1FB363840087CB58 /* Frameworks */,
				5561BDFD1FB363840087CB58 /* Resources */,
				5561BE331FB36CF40087CB58 /* Embed Frameworks */,
				5518EC421FB45FF700219B72 /* ShellScript */,
			);
			buildRules = (
			);
			dependencies = (
			);
			name = CoreBluetoothMaster;
			productName = NNLockLite;
			productReference = 5561BDFF1FB363840087CB58 /* CoreBluetoothMaster.app */;
			productType = "com.apple.product-type.application";
		};
		5561BE121FB363840087CB58 /* CoreBluetoothMasterTests */ = {
			isa = PBXNativeTarget;
			buildConfigurationList = 5561BE2A1FB363840087CB58 /* Build configuration list for PBXNativeTarget "CoreBluetoothMasterTests" */;
			buildPhases = (
				5561BE0F1FB363840087CB58 /* Sources */,
				5561BE101FB363840087CB58 /* Frameworks */,
				5561BE111FB363840087CB58 /* Resources */,
			);
			buildRules = (
			);
			dependencies = (
				5561BE151FB363840087CB58 /* PBXTargetDependency */,
			);
			name = CoreBluetoothMasterTests;
			productName = NNLockLiteTests;
			productReference = 5561BE131FB363840087CB58 /* CoreBluetoothMasterTests.xctest */;
			productType = "com.apple.product-type.bundle.unit-test";
		};
		5561BE1D1FB363840087CB58 /* CoreBluetoothMasterUITests */ = {
			isa = PBXNativeTarget;
			buildConfigurationList = 5561BE2D1FB363840087CB58 /* Build configuration list for PBXNativeTarget "CoreBluetoothMasterUITests" */;
			buildPhases = (
				5561BE1A1FB363840087CB58 /* Sources */,
				5561BE1B1FB363840087CB58 /* Frameworks */,
				5561BE1C1FB363840087CB58 /* Resources */,
			);
			buildRules = (
			);
			dependencies = (
				5561BE201FB363840087CB58 /* PBXTargetDependency */,
			);
			name = CoreBluetoothMasterUITests;
			productName = NNLockLiteUITests;
			productReference = 5561BE1E1FB363840087CB58 /* CoreBluetoothMasterUITests.xctest */;
			productType = "com.apple.product-type.bundle.ui-testing";
		};
/* End PBXNativeTarget section */

/* Begin PBXProject section */
		5561BDF71FB363840087CB58 /* Project object */ = {
			isa = PBXProject;
			attributes = {
				LastSwiftUpdateCheck = 0910;
				LastUpgradeCheck = 0910;
				ORGANIZATIONNAME = Quanti;
				TargetAttributes = {
					5561BDFE1FB363840087CB58 = {
						CreatedOnToolsVersion = 9.1;
						ProvisioningStyle = Automatic;
						SystemCapabilities = {
							com.apple.BackgroundModes = {
								enabled = 1;
							};
						};
					};
					5561BE121FB363840087CB58 = {
						CreatedOnToolsVersion = 9.1;
						ProvisioningStyle = Automatic;
						TestTargetID = 5561BDFE1FB363840087CB58;
					};
					5561BE1D1FB363840087CB58 = {
						CreatedOnToolsVersion = 9.1;
						ProvisioningStyle = Automatic;
						TestTargetID = 5561BDFE1FB363840087CB58;
					};
				};
			};
			buildConfigurationList = 5561BDFA1FB363840087CB58 /* Build configuration list for PBXProject "CoreBluetoothMaster" */;
			compatibilityVersion = "Xcode 8.0";
			developmentRegion = en;
			hasScannedForEncodings = 0;
			knownRegions = (
				en,
				Base,
			);
			mainGroup = 5561BDF61FB363840087CB58;
			productRefGroup = 5561BE001FB363840087CB58 /* Products */;
			projectDirPath = "";
			projectRoot = "";
			targets = (
				5561BDFE1FB363840087CB58 /* CoreBluetoothMaster */,
				5561BE121FB363840087CB58 /* CoreBluetoothMasterTests */,
				5561BE1D1FB363840087CB58 /* CoreBluetoothMasterUITests */,
			);
		};
/* End PBXProject section */

/* Begin PBXResourcesBuildPhase section */
		5561BDFD1FB363840087CB58 /* Resources */ = {
			isa = PBXResourcesBuildPhase;
			buildActionMask = 2147483647;
			files = (
				5561BE0D1FB363840087CB58 /* LaunchScreen.storyboard in Resources */,
				5561BE0A1FB363840087CB58 /* Assets.xcassets in Resources */,
			);
			runOnlyForDeploymentPostprocessing = 0;
		};
		5561BE111FB363840087CB58 /* Resources */ = {
			isa = PBXResourcesBuildPhase;
			buildActionMask = 2147483647;
			files = (
			);
			runOnlyForDeploymentPostprocessing = 0;
		};
		5561BE1C1FB363840087CB58 /* Resources */ = {
			isa = PBXResourcesBuildPhase;
			buildActionMask = 2147483647;
			files = (
			);
			runOnlyForDeploymentPostprocessing = 0;
		};
/* End PBXResourcesBuildPhase section */

/* Begin PBXShellScriptBuildPhase section */
		5518EC421FB45FF700219B72 /* ShellScript */ = {
			isa = PBXShellScriptBuildPhase;
			buildActionMask = 2147483647;
			files = (
			);
			inputPaths = (
			);
			outputPaths = (
			);
			runOnlyForDeploymentPostprocessing = 0;
			shellPath = /bin/sh;
			shellScript = "if [ \"$CONFIGURATION\" != \"Debug\" ]; then\nAPP_PATH=\"${TARGET_BUILD_DIR}/${WRAPPER_NAME}\"\n\n# This script loops through the frameworks embedded in the application and\n# removes unused architectures.\nfind \"$APP_PATH\" -name '*.framework' -type d | while read -r FRAMEWORK\ndo\nFRAMEWORK_EXECUTABLE_NAME=$(defaults read \"$FRAMEWORK/Info.plist\" CFBundleExecutable)\nFRAMEWORK_EXECUTABLE_PATH=\"$FRAMEWORK/$FRAMEWORK_EXECUTABLE_NAME\"\necho \"Executable is $FRAMEWORK_EXECUTABLE_PATH\"\n\nEXTRACTED_ARCHS=()\n\nfor ARCH in $ARCHS\ndo\necho \"Extracting $ARCH from $FRAMEWORK_EXECUTABLE_NAME\"\nlipo -extract \"$ARCH\" \"$FRAMEWORK_EXECUTABLE_PATH\" -o \"$FRAMEWORK_EXECUTABLE_PATH-$ARCH\"\nEXTRACTED_ARCHS+=(\"$FRAMEWORK_EXECUTABLE_PATH-$ARCH\")\ndone\n\necho \"Merging extracted architectures: ${ARCHS}\"\nlipo -o \"$FRAMEWORK_EXECUTABLE_PATH-merged\" -create \"${EXTRACTED_ARCHS[@]}\"\nrm \"${EXTRACTED_ARCHS[@]}\"\n\necho \"Replacing original executable with thinned version\"\nrm \"$FRAMEWORK_EXECUTABLE_PATH\"\nmv \"$FRAMEWORK_EXECUTABLE_PATH-merged\" \"$FRAMEWORK_EXECUTABLE_PATH\"\n\ndone\n\nfi\n";
		};
/* End PBXShellScriptBuildPhase section */

/* Begin PBXSourcesBuildPhase section */
		5561BDFB1FB363840087CB58 /* Sources */ = {
			isa = PBXSourcesBuildPhase;
			buildActionMask = 2147483647;
			files = (
				550504DB204EAC070017C4D4 /* BluetoothManager+CentralManager.swift in Sources */,
				550504DD204EC05F0017C4D4 /* BluetoothStatusView.swift in Sources */,
				5561BE051FB363840087CB58 /* ViewController.swift in Sources */,
				554B18001FB4B3460081B2C3 /* DeviceManager.swift in Sources */,
				5518EC441FB47AF200219B72 /* BluetoothManager.swift in Sources */,
				554B18041FB5B0ED0081B2C3 /* Model.xcdatamodeld in Sources */,
				550504B12049AFDE0017C4D4 /* CBCentralManagerExtension.swift in Sources */,
				55E090F81FD82D5E0039E43C /* NotificationService.swift in Sources */,
				554B180C1FB5E0B70081B2C3 /* DeviceTableViewCell.swift in Sources */,
				550504D9204EAB420017C4D4 /* BluetoothManager+AppTransitions.swift in Sources */,
				554B17FE1FB49C3A0081B2C3 /* Device.swift in Sources */,
				5561BE031FB363840087CB58 /* AppDelegate.swift in Sources */,
				55054A9C1FBA0384001EB915 /* BaseNavigationController.swift in Sources */,
				550504AF2049A4610017C4D4 /* UInt8Extension.swift in Sources */,
				5518EC461FB47C2300219B72 /* Constants.swift in Sources */,
				554B18061FB5B2F80081B2C3 /* CoreDataStack.swift in Sources */,
				550504DF204ECB4E0017C4D4 /* UIViewMakeExtensions.swift in Sources */,
				55054A9A1FB9F957001EB915 /* AppTheme.swift in Sources */,
			);
			runOnlyForDeploymentPostprocessing = 0;
		};
		5561BE0F1FB363840087CB58 /* Sources */ = {
			isa = PBXSourcesBuildPhase;
			buildActionMask = 2147483647;
			files = (
				5561BE181FB363840087CB58 /* CoreBluetoothMasterTests.swift in Sources */,
			);
			runOnlyForDeploymentPostprocessing = 0;
		};
		5561BE1A1FB363840087CB58 /* Sources */ = {
			isa = PBXSourcesBuildPhase;
			buildActionMask = 2147483647;
			files = (
				5561BE231FB363840087CB58 /* CoreBluetoothMasterUITests.swift in Sources */,
			);
			runOnlyForDeploymentPostprocessing = 0;
		};
/* End PBXSourcesBuildPhase section */

/* Begin PBXTargetDependency section */
		5561BE151FB363840087CB58 /* PBXTargetDependency */ = {
			isa = PBXTargetDependency;
			target = 5561BDFE1FB363840087CB58 /* CoreBluetoothMaster */;
			targetProxy = 5561BE141FB363840087CB58 /* PBXContainerItemProxy */;
		};
		5561BE201FB363840087CB58 /* PBXTargetDependency */ = {
			isa = PBXTargetDependency;
			target = 5561BDFE1FB363840087CB58 /* CoreBluetoothMaster */;
			targetProxy = 5561BE1F1FB363840087CB58 /* PBXContainerItemProxy */;
		};
/* End PBXTargetDependency section */

/* Begin PBXVariantGroup section */
		5561BE0B1FB363840087CB58 /* LaunchScreen.storyboard */ = {
			isa = PBXVariantGroup;
			children = (
				5561BE0C1FB363840087CB58 /* Base */,
			);
			name = LaunchScreen.storyboard;
			sourceTree = "<group>";
		};
/* End PBXVariantGroup section */

/* Begin XCBuildConfiguration section */
		5561BE251FB363840087CB58 /* Debug */ = {
			isa = XCBuildConfiguration;
			buildSettings = {
				ALWAYS_SEARCH_USER_PATHS = NO;
				CLANG_ANALYZER_NONNULL = YES;
				CLANG_ANALYZER_NUMBER_OBJECT_CONVERSION = YES_AGGRESSIVE;
				CLANG_CXX_LANGUAGE_STANDARD = "gnu++14";
				CLANG_CXX_LIBRARY = "libc++";
				CLANG_ENABLE_MODULES = YES;
				CLANG_ENABLE_OBJC_ARC = YES;
				CLANG_WARN_BLOCK_CAPTURE_AUTORELEASING = YES;
				CLANG_WARN_BOOL_CONVERSION = YES;
				CLANG_WARN_COMMA = YES;
				CLANG_WARN_CONSTANT_CONVERSION = YES;
				CLANG_WARN_DIRECT_OBJC_ISA_USAGE = YES_ERROR;
				CLANG_WARN_DOCUMENTATION_COMMENTS = YES;
				CLANG_WARN_EMPTY_BODY = YES;
				CLANG_WARN_ENUM_CONVERSION = YES;
				CLANG_WARN_INFINITE_RECURSION = YES;
				CLANG_WARN_INT_CONVERSION = YES;
				CLANG_WARN_NON_LITERAL_NULL_CONVERSION = YES;
				CLANG_WARN_OBJC_LITERAL_CONVERSION = YES;
				CLANG_WARN_OBJC_ROOT_CLASS = YES_ERROR;
				CLANG_WARN_RANGE_LOOP_ANALYSIS = YES;
				CLANG_WARN_STRICT_PROTOTYPES = YES;
				CLANG_WARN_SUSPICIOUS_MOVE = YES;
				CLANG_WARN_UNGUARDED_AVAILABILITY = YES_AGGRESSIVE;
				CLANG_WARN_UNREACHABLE_CODE = YES;
				CLANG_WARN__DUPLICATE_METHOD_MATCH = YES;
				CODE_SIGN_IDENTITY = "iPhone Developer";
				COPY_PHASE_STRIP = NO;
				DEBUG_INFORMATION_FORMAT = dwarf;
				ENABLE_STRICT_OBJC_MSGSEND = YES;
				ENABLE_TESTABILITY = YES;
				GCC_C_LANGUAGE_STANDARD = gnu11;
				GCC_DYNAMIC_NO_PIC = NO;
				GCC_NO_COMMON_BLOCKS = YES;
				GCC_OPTIMIZATION_LEVEL = 0;
				GCC_PREPROCESSOR_DEFINITIONS = (
					"DEBUG=1",
					"$(inherited)",
				);
				GCC_WARN_64_TO_32_BIT_CONVERSION = YES;
				GCC_WARN_ABOUT_RETURN_TYPE = YES_ERROR;
				GCC_WARN_UNDECLARED_SELECTOR = YES;
				GCC_WARN_UNINITIALIZED_AUTOS = YES_AGGRESSIVE;
				GCC_WARN_UNUSED_FUNCTION = YES;
				GCC_WARN_UNUSED_VARIABLE = YES;
				IPHONEOS_DEPLOYMENT_TARGET = 11.1;
				MTL_ENABLE_DEBUG_INFO = YES;
				ONLY_ACTIVE_ARCH = YES;
				SDKROOT = iphoneos;
				SWIFT_ACTIVE_COMPILATION_CONDITIONS = DEBUG;
				SWIFT_OPTIMIZATION_LEVEL = "-Onone";
			};
			name = Debug;
		};
		5561BE261FB363840087CB58 /* Release */ = {
			isa = XCBuildConfiguration;
			buildSettings = {
				ALWAYS_SEARCH_USER_PATHS = NO;
				CLANG_ANALYZER_NONNULL = YES;
				CLANG_ANALYZER_NUMBER_OBJECT_CONVERSION = YES_AGGRESSIVE;
				CLANG_CXX_LANGUAGE_STANDARD = "gnu++14";
				CLANG_CXX_LIBRARY = "libc++";
				CLANG_ENABLE_MODULES = YES;
				CLANG_ENABLE_OBJC_ARC = YES;
				CLANG_WARN_BLOCK_CAPTURE_AUTORELEASING = YES;
				CLANG_WARN_BOOL_CONVERSION = YES;
				CLANG_WARN_COMMA = YES;
				CLANG_WARN_CONSTANT_CONVERSION = YES;
				CLANG_WARN_DIRECT_OBJC_ISA_USAGE = YES_ERROR;
				CLANG_WARN_DOCUMENTATION_COMMENTS = YES;
				CLANG_WARN_EMPTY_BODY = YES;
				CLANG_WARN_ENUM_CONVERSION = YES;
				CLANG_WARN_INFINITE_RECURSION = YES;
				CLANG_WARN_INT_CONVERSION = YES;
				CLANG_WARN_NON_LITERAL_NULL_CONVERSION = YES;
				CLANG_WARN_OBJC_LITERAL_CONVERSION = YES;
				CLANG_WARN_OBJC_ROOT_CLASS = YES_ERROR;
				CLANG_WARN_RANGE_LOOP_ANALYSIS = YES;
				CLANG_WARN_STRICT_PROTOTYPES = YES;
				CLANG_WARN_SUSPICIOUS_MOVE = YES;
				CLANG_WARN_UNGUARDED_AVAILABILITY = YES_AGGRESSIVE;
				CLANG_WARN_UNREACHABLE_CODE = YES;
				CLANG_WARN__DUPLICATE_METHOD_MATCH = YES;
				CODE_SIGN_IDENTITY = "iPhone Developer";
				COPY_PHASE_STRIP = NO;
				DEBUG_INFORMATION_FORMAT = "dwarf-with-dsym";
				ENABLE_NS_ASSERTIONS = NO;
				ENABLE_STRICT_OBJC_MSGSEND = YES;
				GCC_C_LANGUAGE_STANDARD = gnu11;
				GCC_NO_COMMON_BLOCKS = YES;
				GCC_WARN_64_TO_32_BIT_CONVERSION = YES;
				GCC_WARN_ABOUT_RETURN_TYPE = YES_ERROR;
				GCC_WARN_UNDECLARED_SELECTOR = YES;
				GCC_WARN_UNINITIALIZED_AUTOS = YES_AGGRESSIVE;
				GCC_WARN_UNUSED_FUNCTION = YES;
				GCC_WARN_UNUSED_VARIABLE = YES;
				IPHONEOS_DEPLOYMENT_TARGET = 11.1;
				MTL_ENABLE_DEBUG_INFO = NO;
				SDKROOT = iphoneos;
				SWIFT_OPTIMIZATION_LEVEL = "-Owholemodule";
				VALIDATE_PRODUCT = YES;
			};
			name = Release;
		};
		5561BE281FB363840087CB58 /* Debug */ = {
			isa = XCBuildConfiguration;
			buildSettings = {
				ASSETCATALOG_COMPILER_APPICON_NAME = AppIcon;
				"CODE_SIGN_IDENTITY[sdk=iphoneos*]" = "iPhone Developer";
				CODE_SIGN_STYLE = Automatic;
				DEVELOPMENT_TEAM = 2PY9RKK8A7;
				ENABLE_BITCODE = NO;
				FRAMEWORK_SEARCH_PATHS = (
					"$(inherited)",
					"$(PROJECT_DIR)/Carthage/Build/iOS",
				);
				INFOPLIST_FILE = "$(SRCROOT)/CoreBluetoothMaster/Info.plist";
				IPHONEOS_DEPLOYMENT_TARGET = 11.2;
				LD_RUNPATH_SEARCH_PATHS = "$(inherited) @executable_path/Frameworks";
				PRODUCT_BUNDLE_IDENTIFIER = com.quanti.swift.CoreBluetoothMaster;
				PRODUCT_NAME = "$(TARGET_NAME)";
				PROVISIONING_PROFILE = "";
				PROVISIONING_PROFILE_SPECIFIER = "";
				SWIFT_VERSION = 4.0;
				TARGETED_DEVICE_FAMILY = "1,2";
			};
			name = Debug;
		};
		5561BE291FB363840087CB58 /* Release */ = {
			isa = XCBuildConfiguration;
			buildSettings = {
				ASSETCATALOG_COMPILER_APPICON_NAME = AppIcon;
				"CODE_SIGN_IDENTITY[sdk=iphoneos*]" = "iPhone Developer";
				CODE_SIGN_STYLE = Automatic;
				DEVELOPMENT_TEAM = 2PY9RKK8A7;
				ENABLE_BITCODE = NO;
				FRAMEWORK_SEARCH_PATHS = (
					"$(inherited)",
					"$(PROJECT_DIR)/Carthage/Build/iOS",
				);
				INFOPLIST_FILE = "$(SRCROOT)/CoreBluetoothMaster/Info.plist";
				IPHONEOS_DEPLOYMENT_TARGET = 11.2;
				LD_RUNPATH_SEARCH_PATHS = "$(inherited) @executable_path/Frameworks";
				PRODUCT_BUNDLE_IDENTIFIER = com.quanti.swift.CoreBluetoothMaster;
				PRODUCT_NAME = "$(TARGET_NAME)";
				PROVISIONING_PROFILE = "";
				PROVISIONING_PROFILE_SPECIFIER = "";
				SWIFT_VERSION = 4.0;
				TARGETED_DEVICE_FAMILY = "1,2";
			};
			name = Release;
		};
		5561BE2B1FB363840087CB58 /* Debug */ = {
			isa = XCBuildConfiguration;
			buildSettings = {
				ALWAYS_EMBED_SWIFT_STANDARD_LIBRARIES = YES;
				BUNDLE_LOADER = "$(TEST_HOST)";
				CODE_SIGN_STYLE = Automatic;
				DEVELOPMENT_TEAM = 97DXWGRCGZ;
				INFOPLIST_FILE = CoreBluetoothMasterTests/Info.plist;
				LD_RUNPATH_SEARCH_PATHS = "$(inherited) @executable_path/Frameworks @loader_path/Frameworks";
				PRODUCT_BUNDLE_IDENTIFIER = com.quanti.swift.CoreBluetoothMasterTests;
				PRODUCT_NAME = "$(TARGET_NAME)";
				SWIFT_VERSION = 4.0;
				TARGETED_DEVICE_FAMILY = "1,2";
				TEST_HOST = "$(BUILT_PRODUCTS_DIR)/CoreBluetoothMaster.app/CoreBluetoothMaster";
			};
			name = Debug;
		};
		5561BE2C1FB363840087CB58 /* Release */ = {
			isa = XCBuildConfiguration;
			buildSettings = {
				ALWAYS_EMBED_SWIFT_STANDARD_LIBRARIES = YES;
				BUNDLE_LOADER = "$(TEST_HOST)";
				CODE_SIGN_STYLE = Automatic;
				DEVELOPMENT_TEAM = 97DXWGRCGZ;
				INFOPLIST_FILE = CoreBluetoothMasterTests/Info.plist;
				LD_RUNPATH_SEARCH_PATHS = "$(inherited) @executable_path/Frameworks @loader_path/Frameworks";
				PRODUCT_BUNDLE_IDENTIFIER = com.quanti.swift.CoreBluetoothMasterTests;
				PRODUCT_NAME = "$(TARGET_NAME)";
				SWIFT_VERSION = 4.0;
				TARGETED_DEVICE_FAMILY = "1,2";
				TEST_HOST = "$(BUILT_PRODUCTS_DIR)/CoreBluetoothMaster.app/CoreBluetoothMaster";
			};
			name = Release;
		};
		5561BE2E1FB363840087CB58 /* Debug */ = {
			isa = XCBuildConfiguration;
			buildSettings = {
				ALWAYS_EMBED_SWIFT_STANDARD_LIBRARIES = YES;
				CODE_SIGN_STYLE = Automatic;
				DEVELOPMENT_TEAM = 97DXWGRCGZ;
				INFOPLIST_FILE = CoreBluetoothMasterUITests/Info.plist;
				LD_RUNPATH_SEARCH_PATHS = "$(inherited) @executable_path/Frameworks @loader_path/Frameworks";
				PRODUCT_BUNDLE_IDENTIFIER = com.quanti.swift.CoreBluetoothMasterUITests;
				PRODUCT_NAME = "$(TARGET_NAME)";
				SWIFT_VERSION = 4.0;
				TARGETED_DEVICE_FAMILY = "1,2";
				TEST_TARGET_NAME = CoreBluetoothMaster;
			};
			name = Debug;
		};
		5561BE2F1FB363840087CB58 /* Release */ = {
			isa = XCBuildConfiguration;
			buildSettings = {
				ALWAYS_EMBED_SWIFT_STANDARD_LIBRARIES = YES;
				CODE_SIGN_STYLE = Automatic;
				DEVELOPMENT_TEAM = 97DXWGRCGZ;
				INFOPLIST_FILE = CoreBluetoothMasterUITests/Info.plist;
				LD_RUNPATH_SEARCH_PATHS = "$(inherited) @executable_path/Frameworks @loader_path/Frameworks";
				PRODUCT_BUNDLE_IDENTIFIER = com.quanti.swift.CoreBluetoothMasterUITests;
				PRODUCT_NAME = "$(TARGET_NAME)";
				SWIFT_VERSION = 4.0;
				TARGETED_DEVICE_FAMILY = "1,2";
				TEST_TARGET_NAME = CoreBluetoothMaster;
			};
			name = Release;
		};
/* End XCBuildConfiguration section */

/* Begin XCConfigurationList section */
		5561BDFA1FB363840087CB58 /* Build configuration list for PBXProject "CoreBluetoothMaster" */ = {
			isa = XCConfigurationList;
			buildConfigurations = (
				5561BE251FB363840087CB58 /* Debug */,
				5561BE261FB363840087CB58 /* Release */,
			);
			defaultConfigurationIsVisible = 0;
			defaultConfigurationName = Release;
		};
		5561BE271FB363840087CB58 /* Build configuration list for PBXNativeTarget "CoreBluetoothMaster" */ = {
			isa = XCConfigurationList;
			buildConfigurations = (
				5561BE281FB363840087CB58 /* Debug */,
				5561BE291FB363840087CB58 /* Release */,
			);
			defaultConfigurationIsVisible = 0;
			defaultConfigurationName = Release;
		};
		5561BE2A1FB363840087CB58 /* Build configuration list for PBXNativeTarget "CoreBluetoothMasterTests" */ = {
			isa = XCConfigurationList;
			buildConfigurations = (
				5561BE2B1FB363840087CB58 /* Debug */,
				5561BE2C1FB363840087CB58 /* Release */,
			);
			defaultConfigurationIsVisible = 0;
			defaultConfigurationName = Release;
		};
		5561BE2D1FB363840087CB58 /* Build configuration list for PBXNativeTarget "CoreBluetoothMasterUITests" */ = {
			isa = XCConfigurationList;
			buildConfigurations = (
				5561BE2E1FB363840087CB58 /* Debug */,
				5561BE2F1FB363840087CB58 /* Release */,
			);
			defaultConfigurationIsVisible = 0;
			defaultConfigurationName = Release;
		};
/* End XCConfigurationList section */

/* Begin XCVersionGroup section */
		554B18011FB5AE250081B2C3 /* Model.xcdatamodeld */ = {
			isa = XCVersionGroup;
			children = (
				550B00481FFD05B500B76E4F /* Model 2.xcdatamodel */,
				554B18021FB5AE250081B2C3 /* Model.xcdatamodel */,
			);
			currentVersion = 550B00481FFD05B500B76E4F /* Model 2.xcdatamodel */;
			path = Model.xcdatamodeld;
			sourceTree = "<group>";
			versionGroupType = wrapper.xcdatamodel;
		};
/* End XCVersionGroup section */
	};
	rootObject = 5561BDF71FB363840087CB58 /* Project object */;
}
